
Microsoft Visual Studio Solution File, Format Version 12.00
Project("{8BC9CEB8-8B4A-11D0-8D11-00A0C91BC942}") = "AlgebraVectorFigure", "AlgebraVectorFigure\AlgebraVectorFigure.vcxproj", "{CE96F6D1-1D9B-4C8D-8BA0-53D6D9E932C0}"
EndProject
Global
	GlobalSection(SolutionConfigurationPlatforms) = preSolution
		Debug|Win32 = Debug|Win32
		Debug|x64 = Debug|x64
		Release|Win32 = Release|Win32
		Release|x64 = Release|x64
	EndGlobalSection
	GlobalSection(ProjectConfigurationPlatforms) = postSolution
		{CE96F6D1-1D9B-4C8D-8BA0-53D6D9E932C0}.Debug|Win32.ActiveCfg = Debug|Win32
		{CE96F6D1-1D9B-4C8D-8BA0-53D6D9E932C0}.Debug|Win32.Build.0 = Debug|Win32
		{CE96F6D1-1D9B-4C8D-8BA0-53D6D9E932C0}.Debug|x64.ActiveCfg = Debug|x64
		{CE96F6D1-1D9B-4C8D-8BA0-53D6D9E932C0}.Debug|x64.Build.0 = Debug|x64
		{CE96F6D1-1D9B-4C8D-8BA0-53D6D9E932C0}.Release|Win32.ActiveCfg = Release|Win32
		{CE96F6D1-1D9B-4C8D-8BA0-53D6D9E932C0}.Release|Win32.Build.0 = Release|Win32
		{CE96F6D1-1D9B-4C8D-8BA0-53D6D9E932C0}.Release|x64.ActiveCfg = Release|x64
		{CE96F6D1-1D9B-4C8D-8BA0-53D6D9E932C0}.Release|x64.Build.0 = Release|x64
	EndGlobalSection
EndGlobal
